{
  "name": "setchecker",
  "version": "1.0.0",
  "lockfileVersion": 1,
  "requires": true,
  "dependencies": {
    "async": {
      "version": "2.6.0",
      "resolved": "https://registry.npmjs.org/async/-/async-2.6.0.tgz",
      "integrity": "sha512-xAfGg1/NTLBBKlHFmnd7PlmUW9KhVQIUuSrYem9xzFUZy13ScvtyGGejaae9iAVRiRq9+Cx7DPFaAAhCpyxyPw==",
      "requires": {
        "lodash": "4.17.5"
      }
    },
    "es6-promise": {
      "version": "3.3.1",
      "resolved": "https://registry.npmjs.org/es6-promise/-/es6-promise-3.3.1.tgz",
      "integrity": "sha1-oIzd6EzNvzTQJ6FFG8kdS80ophM="
    },
    "jaccard": {
      "version": "0.4.0",
      "resolved": "https://registry.npmjs.org/jaccard/-/jaccard-0.4.0.tgz",
      "integrity": "sha1-0xxRcwXp95nSU59qwpPYvp+5rVc=",
      "requires": {
        "async": "2.6.0"
      }
    },
    "jaccard-index": {
      "version": "0.2.0",
      "resolved": "https://registry.npmjs.org/jaccard-index/-/jaccard-index-0.2.0.tgz",
      "integrity": "sha1-Y2qNueqwuF7lOtu788XOQQhDZjY=",
      "requires": {
        "promisen": "0.1.1"
      }
    },
    "lodash": {
      "version": "4.17.5",
      "resolved": "https://registry.npmjs.org/lodash/-/lodash-4.17.5.tgz",
      "integrity": "sha512-svL3uiZf1RwhH+cWrfZn3A4+U58wbP0tGVTLQPbjplZxZ8ROD9VLuNgsRniTlLe7OlSqR79RUehXgpBW/s0IQw=="
    },
    "promisen": {
      "version": "0.1.1",
      "resolved": "https://registry.npmjs.org/promisen/-/promisen-0.1.1.tgz",
      "integrity": "sha1-KeET/sA3Iv2UOZ31nRym8uxyi78=",
      "requires": {
        "es6-promise": "3.3.1"
      }
    }
  }
}
